
Microsoft Visual Studio Solution File, Format Version 12.00
# Visual Studio Version 17
VisualStudioVersion = 17.3.32804.467
MinimumVisualStudioVersion = 10.0.40219.1
Project("{9A19103F-16F7-4668-BE54-9A1E7A4F7556}") = "PollyConsoleExample", "PollyExample\PollyConsoleExample.csproj", "{2B9B835D-8314-40FB-89D7-5DEFD4C189A8}"
EndProject
Project("{9A19103F-16F7-4668-BE54-9A1E7A4F7556}") = "PollyNet6MinimalApi", "PollyNet6MinimalApi\PollyNet6MinimalApi.csproj", "{F7DA0503-B722-4BFB-9423-7ECE77AFDBE1}"
EndProject
Project("{9A19103F-16F7-4668-BE54-9A1E7A4F7556}") = "PollyNet6HttpClientFactoryDIToController", "PollyNet6HttpClientFactoryDIToController\PollyNet6HttpClientFactoryDIToController.csproj", "{BC503BC3-46EC-4F38-B21D-458B4B7F7277}"
EndProject
Project("{9A19103F-16F7-4668-BE54-9A1E7A4F7556}") = "TryingLoopsNet6MinimalApi", "TryingLoopsNet6MinimalApi\TryingLoopsNet6MinimalApi.csproj", "{4D127D12-2D21-45AD-826D-B97783A06231}"
EndProject
Project("{9A19103F-16F7-4668-BE54-9A1E7A4F7556}") = "zPollyNet6RateLimitDemo", "PollyNet6RateLimit\zPollyNet6RateLimitDemo.csproj", "{B835E01F-A699-4313-8CC1-D8C21A982012}"
EndProject
Project("{9A19103F-16F7-4668-BE54-9A1E7A4F7556}") = "zPollyConsoleRateLimitDemo", "zPollyConsoleRateLimitDemo\zPollyConsoleRateLimitDemo.csproj", "{59AD7719-B909-429F-B7CC-0963AFE7706D}"
EndProject
Project("{2150E333-8FDC-42A3-9474-1A3956D46DE8}") = "ConsoleExamples", "ConsoleExamples", "{1C203375-7A2D-4EFB-8338-73E303CE39CA}"
EndProject
Project("{2150E333-8FDC-42A3-9474-1A3956D46DE8}") = "ASPNETCoreExamples", "ASPNETCoreExamples", "{7822D9EA-5DAE-44FF-BDE1-88465C0FB5D5}"
EndProject
Global
	GlobalSection(SolutionConfigurationPlatforms) = preSolution
		Debug|Any CPU = Debug|Any CPU
		Release|Any CPU = Release|Any CPU
	EndGlobalSection
	GlobalSection(ProjectConfigurationPlatforms) = postSolution
		{2B9B835D-8314-40FB-89D7-5DEFD4C189A8}.Debug|Any CPU.ActiveCfg = Debug|Any CPU
		{2B9B835D-8314-40FB-89D7-5DEFD4C189A8}.Debug|Any CPU.Build.0 = Debug|Any CPU
		{2B9B835D-8314-40FB-89D7-5DEFD4C189A8}.Release|Any CPU.ActiveCfg = Release|Any CPU
		{2B9B835D-8314-40FB-89D7-5DEFD4C189A8}.Release|Any CPU.Build.0 = Release|Any CPU
		{F7DA0503-B722-4BFB-9423-7ECE77AFDBE1}.Debug|Any CPU.ActiveCfg = Debug|Any CPU
		{F7DA0503-B722-4BFB-9423-7ECE77AFDBE1}.Debug|Any CPU.Build.0 = Debug|Any CPU
		{F7DA0503-B722-4BFB-9423-7ECE77AFDBE1}.Release|Any CPU.ActiveCfg = Release|Any CPU
		{F7DA0503-B722-4BFB-9423-7ECE77AFDBE1}.Release|Any CPU.Build.0 = Release|Any CPU
		{BC503BC3-46EC-4F38-B21D-458B4B7F7277}.Debug|Any CPU.ActiveCfg = Debug|Any CPU
		{BC503BC3-46EC-4F38-B21D-458B4B7F7277}.Debug|Any CPU.Build.0 = Debug|Any CPU
		{BC503BC3-46EC-4F38-B21D-458B4B7F7277}.Release|Any CPU.ActiveCfg = Release|Any CPU
		{BC503BC3-46EC-4F38-B21D-458B4B7F7277}.Release|Any CPU.Build.0 = Release|Any CPU
		{4D127D12-2D21-45AD-826D-B97783A06231}.Debug|Any CPU.ActiveCfg = Debug|Any CPU
		{4D127D12-2D21-45AD-826D-B97783A06231}.Debug|Any CPU.Build.0 = Debug|Any CPU
		{4D127D12-2D21-45AD-826D-B97783A06231}.Release|Any CPU.ActiveCfg = Release|Any CPU
		{4D127D12-2D21-45AD-826D-B97783A06231}.Release|Any CPU.Build.0 = Release|Any CPU
		{B835E01F-A699-4313-8CC1-D8C21A982012}.Debug|Any CPU.ActiveCfg = Debug|Any CPU
		{B835E01F-A699-4313-8CC1-D8C21A982012}.Debug|Any CPU.Build.0 = Debug|Any CPU
		{B835E01F-A699-4313-8CC1-D8C21A982012}.Release|Any CPU.ActiveCfg = Release|Any CPU
		{B835E01F-A699-4313-8CC1-D8C21A982012}.Release|Any CPU.Build.0 = Release|Any CPU
		{59AD7719-B909-429F-B7CC-0963AFE7706D}.Debug|Any CPU.ActiveCfg = Debug|Any CPU
		{59AD7719-B909-429F-B7CC-0963AFE7706D}.Debug|Any CPU.Build.0 = Debug|Any CPU
		{59AD7719-B909-429F-B7CC-0963AFE7706D}.Release|Any CPU.ActiveCfg = Release|Any CPU
		{59AD7719-B909-429F-B7CC-0963AFE7706D}.Release|Any CPU.Build.0 = Release|Any CPU
	EndGlobalSection
	GlobalSection(SolutionProperties) = preSolution
		HideSolutionNode = FALSE
	EndGlobalSection
	GlobalSection(NestedProjects) = preSolution
		{2B9B835D-8314-40FB-89D7-5DEFD4C189A8} = {1C203375-7A2D-4EFB-8338-73E303CE39CA}
		{F7DA0503-B722-4BFB-9423-7ECE77AFDBE1} = {7822D9EA-5DAE-44FF-BDE1-88465C0FB5D5}
		{BC503BC3-46EC-4F38-B21D-458B4B7F7277} = {7822D9EA-5DAE-44FF-BDE1-88465C0FB5D5}
		{B835E01F-A699-4313-8CC1-D8C21A982012} = {7822D9EA-5DAE-44FF-BDE1-88465C0FB5D5}
		{59AD7719-B909-429F-B7CC-0963AFE7706D} = {1C203375-7A2D-4EFB-8338-73E303CE39CA}
	EndGlobalSection
	GlobalSection(ExtensibilityGlobals) = postSolution
		SolutionGuid = {05026A3D-6100-420D-8F2B-C2041AAB4BCC}
	EndGlobalSection
EndGlobal
