
Microsoft Visual Studio Solution File, Format Version 12.00
# Visual Studio Version 17
VisualStudioVersion = 17.3.32804.467
MinimumVisualStudioVersion = 10.0.40219.1
Project("{FAE04EC0-301F-11D3-BF4B-00C04F79EFBC}") = "PollyConsoleExample", "PollyExample\PollyConsoleExample.csproj", "{2B9B835D-8314-40FB-89D7-5DEFD4C189A8}"
EndProject
Project("{FAE04EC0-301F-11D3-BF4B-00C04F79EFBC}") = "PollyNet6MinimalApi", "PollyNet6MinimalApi\PollyNet6MinimalApi.csproj", "{F7DA0503-B722-4BFB-9423-7ECE77AFDBE1}"
EndProject
Project("{FAE04EC0-301F-11D3-BF4B-00C04F79EFBC}") = "PollyNet6HttpClientFactoryDIToController", "PollyNet6HttpClientFactoryDIToController\PollyNet6HttpClientFactoryDIToController.csproj", "{BC503BC3-46EC-4F38-B21D-458B4B7F7277}"
EndProject
Project("{FAE04EC0-301F-11D3-BF4B-00C04F79EFBC}") = "TryingLoopsNet6MinimalApi", "TryingLoopsNet6MinimalApi\TryingLoopsNet6MinimalApi.csproj", "{4D127D12-2D21-45AD-826D-B97783A06231}"
EndProject
Global
	GlobalSection(SolutionConfigurationPlatforms) = preSolution
		Debug|Any CPU = Debug|Any CPU
		Release|Any CPU = Release|Any CPU
	EndGlobalSection
	GlobalSection(ProjectConfigurationPlatforms) = postSolution
		{2B9B835D-8314-40FB-89D7-5DEFD4C189A8}.Debug|Any CPU.ActiveCfg = Debug|Any CPU
		{2B9B835D-8314-40FB-89D7-5DEFD4C189A8}.Debug|Any CPU.Build.0 = Debug|Any CPU
		{2B9B835D-8314-40FB-89D7-5DEFD4C189A8}.Release|Any CPU.ActiveCfg = Release|Any CPU
		{2B9B835D-8314-40FB-89D7-5DEFD4C189A8}.Release|Any CPU.Build.0 = Release|Any CPU
		{F7DA0503-B722-4BFB-9423-7ECE77AFDBE1}.Debug|Any CPU.ActiveCfg = Debug|Any CPU
		{F7DA0503-B722-4BFB-9423-7ECE77AFDBE1}.Debug|Any CPU.Build.0 = Debug|Any CPU
		{F7DA0503-B722-4BFB-9423-7ECE77AFDBE1}.Release|Any CPU.ActiveCfg = Release|Any CPU
		{F7DA0503-B722-4BFB-9423-7ECE77AFDBE1}.Release|Any CPU.Build.0 = Release|Any CPU
		{BC503BC3-46EC-4F38-B21D-458B4B7F7277}.Debug|Any CPU.ActiveCfg = Debug|Any CPU
		{BC503BC3-46EC-4F38-B21D-458B4B7F7277}.Debug|Any CPU.Build.0 = Debug|Any CPU
		{BC503BC3-46EC-4F38-B21D-458B4B7F7277}.Release|Any CPU.ActiveCfg = Release|Any CPU
		{BC503BC3-46EC-4F38-B21D-458B4B7F7277}.Release|Any CPU.Build.0 = Release|Any CPU
		{4D127D12-2D21-45AD-826D-B97783A06231}.Debug|Any CPU.ActiveCfg = Debug|Any CPU
		{4D127D12-2D21-45AD-826D-B97783A06231}.Debug|Any CPU.Build.0 = Debug|Any CPU
		{4D127D12-2D21-45AD-826D-B97783A06231}.Release|Any CPU.ActiveCfg = Release|Any CPU
		{4D127D12-2D21-45AD-826D-B97783A06231}.Release|Any CPU.Build.0 = Release|Any CPU
	EndGlobalSection
	GlobalSection(SolutionProperties) = preSolution
		HideSolutionNode = FALSE
	EndGlobalSection
	GlobalSection(ExtensibilityGlobals) = postSolution
		SolutionGuid = {05026A3D-6100-420D-8F2B-C2041AAB4BCC}
	EndGlobalSection
EndGlobal
